// !$*UTF8*$!
{
	archiveVersion = 1;
	classes = {
	};
	objectVersion = 56;
	objects = {

/* Begin PBXBuildFile section */
		1B88DCA82CEE9E3500848F4B /* SceneDelegate.swift in Sources */ = {isa = PBXBuildFile; fileRef = 1B88DCA72CEE9E3500848F4B /* SceneDelegate.swift */; };
		1B88DCAA2CEE9E3500848F4B /* ViewController.swift in Sources */ = {isa = PBXBuildFile; fileRef = 1B88DCA92CEE9E3500848F4B /* ViewController.swift */; };
		1B88DCAD2CEE9E3600848F4B /* Main.storyboard in Resources */ = {isa = PBXBuildFile; fileRef = 1B88DCAB2CEE9E3600848F4B /* Main.storyboard */; };
		1B88DCAF2CEE9E3B00848F4B /* Assets.xcassets in Resources */ = {isa = PBXBuildFile; fileRef = 1B88DCAE2CEE9E3B00848F4B /* Assets.xcassets */; };
		1B88DCB22CEE9E3B00848F4B /* LaunchScreen.storyboard in Resources */ = {isa = PBXBuildFile; fileRef = 1B88DCB02CEE9E3B00848F4B /* LaunchScreen.storyboard */; };
		1B88DCBA2CEEA00D00848F4B /* GoogleService-Info.plist in Resources */ = {isa = PBXBuildFile; fileRef = 1B88DCB92CEEA00D00848F4B /* GoogleService-Info.plist */; };
		1B88DCBD2CEEA18800848F4B /* FirebaseAuth in Frameworks */ = {isa = PBXBuildFile; productRef = 1B88DCBC2CEEA18800848F4B /* FirebaseAuth */; };
		1B88DCBF2CEEA18800848F4B /* FirebaseFirestore in Frameworks */ = {isa = PBXBuildFile; productRef = 1B88DCBE2CEEA18800848F4B /* FirebaseFirestore */; };
		1B88DCC12CEEA18800848F4B /* FirebaseFirestoreSwift in Frameworks */ = {isa = PBXBuildFile; productRef = 1B88DCC02CEEA18800848F4B /* FirebaseFirestoreSwift */; };
		1B88DCC32CEEA18800848F4B /* FirebaseStorage in Frameworks */ = {isa = PBXBuildFile; productRef = 1B88DCC22CEEA18800848F4B /* FirebaseStorage */; };
		1B88DCC42CEEA23300848F4B /* AppDelegate.swift in Sources */ = {isa = PBXBuildFile; fileRef = 1B88DCA52CEE9E3500848F4B /* AppDelegate.swift */; };
		1BAA58772CEFE06D0049E4B3 /* MainScreenView.swift in Sources */ = {isa = PBXBuildFile; fileRef = 1BAA58762CEFE06C0049E4B3 /* MainScreenView.swift */; };
		1BAA58792CF124600049E4B3 /* RightBarButtonManager.swift in Sources */ = {isa = PBXBuildFile; fileRef = 1BAA58782CF124600049E4B3 /* RightBarButtonManager.swift */; };
		1BAA587D2CF12FAC0049E4B3 /* RegisterView.swift in Sources */ = {isa = PBXBuildFile; fileRef = 1BAA587C2CF12FAC0049E4B3 /* RegisterView.swift */; };
		1BAA58802CF131A50049E4B3 /* RegisterViewController.swift in Sources */ = {isa = PBXBuildFile; fileRef = 1BAA587F2CF131A50049E4B3 /* RegisterViewController.swift */; };
		1BAA58822CF1351A0049E4B3 /* RegisterFirebaseManager.swift in Sources */ = {isa = PBXBuildFile; fileRef = 1BAA58812CF1351A0049E4B3 /* RegisterFirebaseManager.swift */; };
		1BAA58852CF1407A0049E4B3 /* ProgressSpinnerViewController.swift in Sources */ = {isa = PBXBuildFile; fileRef = 1BAA58842CF1407A0049E4B3 /* ProgressSpinnerViewController.swift */; };
		1BAA58872CF141BE0049E4B3 /* ProgressSpinnerDelegate.swift in Sources */ = {isa = PBXBuildFile; fileRef = 1BAA58862CF141BE0049E4B3 /* ProgressSpinnerDelegate.swift */; };
		1BAA58892CF142910049E4B3 /* RegisterProgressIndicatorManager.swift in Sources */ = {isa = PBXBuildFile; fileRef = 1BAA58882CF142910049E4B3 /* RegisterProgressIndicatorManager.swift */; };
		1BAA588C2CF230120049E4B3 /* ProfileScreenView.swift in Sources */ = {isa = PBXBuildFile; fileRef = 1BAA588B2CF230120049E4B3 /* ProfileScreenView.swift */; };
		1BAA588F2CF230B70049E4B3 /* ProfileScreenViewController.swift in Sources */ = {isa = PBXBuildFile; fileRef = 1BAA588E2CF230B70049E4B3 /* ProfileScreenViewController.swift */; };
		1BAA58922CF234A20049E4B3 /* User.swift in Sources */ = {isa = PBXBuildFile; fileRef = 1BAA58912CF234A20049E4B3 /* User.swift */; };
		1BAA58942CF26C0A0049E4B3 /* PhotoManager.swift in Sources */ = {isa = PBXBuildFile; fileRef = 1BAA58932CF26C0A0049E4B3 /* PhotoManager.swift */; };
		1BAA58962CF27F3B0049E4B3 /* ImageViewUtils.swift in Sources */ = {isa = PBXBuildFile; fileRef = 1BAA58952CF27F3B0049E4B3 /* ImageViewUtils.swift */; };
		1BAA58982CF287410049E4B3 /* logo.png in Resources */ = {isa = PBXBuildFile; fileRef = 1BAA58972CF287410049E4B3 /* logo.png */; };
		1BAA589A2CF2C0CD0049E4B3 /* EditProfileViewController.swift in Sources */ = {isa = PBXBuildFile; fileRef = 1BAA58992CF2C0CD0049E4B3 /* EditProfileViewController.swift */; };
		1BAA589C2CF2C0ED0049E4B3 /* EditProfileView.swift in Sources */ = {isa = PBXBuildFile; fileRef = 1BAA589B2CF2C0ED0049E4B3 /* EditProfileView.swift */; };
		1BAA589E2CF558D00049E4B3 /* EditProfilePhotoManager.swift in Sources */ = {isa = PBXBuildFile; fileRef = 1BAA589D2CF558D00049E4B3 /* EditProfilePhotoManager.swift */; };
		1BAA58C92D0653860049E4B3 /* BillItem.swift in Sources */ = {isa = PBXBuildFile; fileRef = 1BAA58C82D0653860049E4B3 /* BillItem.swift */; };
		1BAA58CC2D0654990049E4B3 /* PostBillViewController.swift in Sources */ = {isa = PBXBuildFile; fileRef = 1BAA58CB2D0654990049E4B3 /* PostBillViewController.swift */; };
		1BAA58CF2D0655F10049E4B3 /* BillDetailsViewController.swift in Sources */ = {isa = PBXBuildFile; fileRef = 1BAA58CE2D0655F10049E4B3 /* BillDetailsViewController.swift */; };
		1BAA58D12D0656B30049E4B3 /* UserDetailsViewController.swift in Sources */ = {isa = PBXBuildFile; fileRef = 1BAA58D02D0656B20049E4B3 /* UserDetailsViewController.swift */; };
		1BAA58D32D06583E0049E4B3 /* BillListViewController.swift in Sources */ = {isa = PBXBuildFile; fileRef = 1BAA58C62D0652EF0049E4B3 /* BillListViewController.swift */; };
/* End PBXBuildFile section */

/* Begin PBXFileReference section */
		1B88DCA22CEE9E3500848F4B /* iosfinal.app */ = {isa = PBXFileReference; explicitFileType = wrapper.application; includeInIndex = 0; path = iosfinal.app; sourceTree = BUILT_PRODUCTS_DIR; };
		1B88DCA52CEE9E3500848F4B /* AppDelegate.swift */ = {isa = PBXFileReference; lastKnownFileType = sourcecode.swift; path = AppDelegate.swift; sourceTree = "<group>"; };
		1B88DCA72CEE9E3500848F4B /* SceneDelegate.swift */ = {isa = PBXFileReference; lastKnownFileType = sourcecode.swift; path = SceneDelegate.swift; sourceTree = "<group>"; };
		1B88DCA92CEE9E3500848F4B /* ViewController.swift */ = {isa = PBXFileReference; lastKnownFileType = sourcecode.swift; path = ViewController.swift; sourceTree = "<group>"; };
		1B88DCAC2CEE9E3600848F4B /* Base */ = {isa = PBXFileReference; lastKnownFileType = file.storyboard; name = Base; path = Base.lproj/Main.storyboard; sourceTree = "<group>"; };
		1B88DCAE2CEE9E3B00848F4B /* Assets.xcassets */ = {isa = PBXFileReference; lastKnownFileType = folder.assetcatalog; path = Assets.xcassets; sourceTree = "<group>"; };
		1B88DCB12CEE9E3B00848F4B /* Base */ = {isa = PBXFileReference; lastKnownFileType = file.storyboard; name = Base; path = Base.lproj/LaunchScreen.storyboard; sourceTree = "<group>"; };
		1B88DCB32CEE9E3B00848F4B /* Info.plist */ = {isa = PBXFileReference; lastKnownFileType = text.plist.xml; path = Info.plist; sourceTree = "<group>"; };
		1B88DCB92CEEA00D00848F4B /* GoogleService-Info.plist */ = {isa = PBXFileReference; lastKnownFileType = text.plist; path = "GoogleService-Info.plist"; sourceTree = SOURCE_ROOT; };
		1BAA58762CEFE06C0049E4B3 /* MainScreenView.swift */ = {isa = PBXFileReference; lastKnownFileType = sourcecode.swift; path = MainScreenView.swift; sourceTree = "<group>"; };
		1BAA58782CF124600049E4B3 /* RightBarButtonManager.swift */ = {isa = PBXFileReference; lastKnownFileType = sourcecode.swift; path = RightBarButtonManager.swift; sourceTree = "<group>"; };
		1BAA587C2CF12FAC0049E4B3 /* RegisterView.swift */ = {isa = PBXFileReference; lastKnownFileType = sourcecode.swift; path = RegisterView.swift; sourceTree = "<group>"; };
		1BAA587F2CF131A50049E4B3 /* RegisterViewController.swift */ = {isa = PBXFileReference; lastKnownFileType = sourcecode.swift; path = RegisterViewController.swift; sourceTree = "<group>"; };
		1BAA58812CF1351A0049E4B3 /* RegisterFirebaseManager.swift */ = {isa = PBXFileReference; lastKnownFileType = sourcecode.swift; path = RegisterFirebaseManager.swift; sourceTree = "<group>"; };
		1BAA58842CF1407A0049E4B3 /* ProgressSpinnerViewController.swift */ = {isa = PBXFileReference; lastKnownFileType = sourcecode.swift; path = ProgressSpinnerViewController.swift; sourceTree = "<group>"; };
		1BAA58862CF141BE0049E4B3 /* ProgressSpinnerDelegate.swift */ = {isa = PBXFileReference; lastKnownFileType = sourcecode.swift; path = ProgressSpinnerDelegate.swift; sourceTree = "<group>"; };
		1BAA58882CF142910049E4B3 /* RegisterProgressIndicatorManager.swift */ = {isa = PBXFileReference; lastKnownFileType = sourcecode.swift; path = RegisterProgressIndicatorManager.swift; sourceTree = "<group>"; };
		1BAA588B2CF230120049E4B3 /* ProfileScreenView.swift */ = {isa = PBXFileReference; lastKnownFileType = sourcecode.swift; path = ProfileScreenView.swift; sourceTree = "<group>"; };
		1BAA588E2CF230B70049E4B3 /* ProfileScreenViewController.swift */ = {isa = PBXFileReference; lastKnownFileType = sourcecode.swift; path = ProfileScreenViewController.swift; sourceTree = "<group>"; };
		1BAA58912CF234A20049E4B3 /* User.swift */ = {isa = PBXFileReference; lastKnownFileType = sourcecode.swift; path = User.swift; sourceTree = "<group>"; };
		1BAA58932CF26C0A0049E4B3 /* PhotoManager.swift */ = {isa = PBXFileReference; lastKnownFileType = sourcecode.swift; path = PhotoManager.swift; sourceTree = "<group>"; };
		1BAA58952CF27F3B0049E4B3 /* ImageViewUtils.swift */ = {isa = PBXFileReference; lastKnownFileType = sourcecode.swift; path = ImageViewUtils.swift; sourceTree = "<group>"; };
		1BAA58972CF287410049E4B3 /* logo.png */ = {isa = PBXFileReference; lastKnownFileType = image.png; path = logo.png; sourceTree = "<group>"; };
		1BAA58992CF2C0CD0049E4B3 /* EditProfileViewController.swift */ = {isa = PBXFileReference; lastKnownFileType = sourcecode.swift; path = EditProfileViewController.swift; sourceTree = "<group>"; };
		1BAA589B2CF2C0ED0049E4B3 /* EditProfileView.swift */ = {isa = PBXFileReference; lastKnownFileType = sourcecode.swift; path = EditProfileView.swift; sourceTree = "<group>"; };
		1BAA589D2CF558D00049E4B3 /* EditProfilePhotoManager.swift */ = {isa = PBXFileReference; lastKnownFileType = sourcecode.swift; path = EditProfilePhotoManager.swift; sourceTree = "<group>"; };
		1BAA58C62D0652EF0049E4B3 /* BillListViewController.swift */ = {isa = PBXFileReference; lastKnownFileType = sourcecode.swift; path = BillListViewController.swift; sourceTree = "<group>"; };
		1BAA58C82D0653860049E4B3 /* BillItem.swift */ = {isa = PBXFileReference; lastKnownFileType = sourcecode.swift; path = BillItem.swift; sourceTree = "<group>"; };
		1BAA58CB2D0654990049E4B3 /* PostBillViewController.swift */ = {isa = PBXFileReference; lastKnownFileType = sourcecode.swift; path = PostBillViewController.swift; sourceTree = "<group>"; };
		1BAA58CE2D0655F10049E4B3 /* BillDetailsViewController.swift */ = {isa = PBXFileReference; lastKnownFileType = sourcecode.swift; path = BillDetailsViewController.swift; sourceTree = "<group>"; };
		1BAA58D02D0656B20049E4B3 /* UserDetailsViewController.swift */ = {isa = PBXFileReference; lastKnownFileType = sourcecode.swift; path = UserDetailsViewController.swift; sourceTree = "<group>"; };
/* End PBXFileReference section */

/* Begin PBXFrameworksBuildPhase section */
		1B88DC9F2CEE9E3500848F4B /* Frameworks */ = {
			isa = PBXFrameworksBuildPhase;
			buildActionMask = 2147483647;
			files = (
				1B88DCBD2CEEA18800848F4B /* FirebaseAuth in Frameworks */,
				1B88DCC32CEEA18800848F4B /* FirebaseStorage in Frameworks */,
				1B88DCBF2CEEA18800848F4B /* FirebaseFirestore in Frameworks */,
				1B88DCC12CEEA18800848F4B /* FirebaseFirestoreSwift in Frameworks */,
			);
			runOnlyForDeploymentPostprocessing = 0;
		};
/* End PBXFrameworksBuildPhase section */

/* Begin PBXGroup section */
		1B88DC992CEE9E3500848F4B = {
			isa = PBXGroup;
			children = (
				1B88DCA42CEE9E3500848F4B /* iosfinal */,
				1B88DCA32CEE9E3500848F4B /* Products */,
			);
			sourceTree = "<group>";
		};
		1B88DCA32CEE9E3500848F4B /* Products */ = {
			isa = PBXGroup;
			children = (
				1B88DCA22CEE9E3500848F4B /* iosfinal.app */,
			);
			name = Products;
			sourceTree = "<group>";
		};
		1B88DCA42CEE9E3500848F4B /* iosfinal */ = {
			isa = PBXGroup;
			children = (
				1BAA58C52D0652080049E4B3 /* BillList Screen */,
				1BAA58952CF27F3B0049E4B3 /* ImageViewUtils.swift */,
				1BAA588A2CF22F100049E4B3 /* ProfileScreen */,
				1BAA58832CF140080049E4B3 /* Progress Indicator */,
				1BAA587A2CF12D7C0049E4B3 /* Register Screen */,
				1B88DCA52CEE9E3500848F4B /* AppDelegate.swift */,
				1B88DCA72CEE9E3500848F4B /* SceneDelegate.swift */,
				1BAA58902CF234520049E4B3 /* DataModels */,
				1BAA58742CEFE0150049E4B3 /* MainScreen */,
				1B88DCAB2CEE9E3600848F4B /* Main.storyboard */,
				1B88DCAE2CEE9E3B00848F4B /* Assets.xcassets */,
				1BAA58972CF287410049E4B3 /* logo.png */,
				1B88DCB02CEE9E3B00848F4B /* LaunchScreen.storyboard */,
				1B88DCB32CEE9E3B00848F4B /* Info.plist */,
				1B88DCB92CEEA00D00848F4B /* GoogleService-Info.plist */,
			);
			path = iosfinal;
			sourceTree = "<group>";
		};
		1BAA58742CEFE0150049E4B3 /* MainScreen */ = {
			isa = PBXGroup;
			children = (
				1BAA58752CEFE0390049E4B3 /* Views */,
				1B88DCA92CEE9E3500848F4B /* ViewController.swift */,
				1BAA58782CF124600049E4B3 /* RightBarButtonManager.swift */,
			);
			path = MainScreen;
			sourceTree = "<group>";
		};
		1BAA58752CEFE0390049E4B3 /* Views */ = {
			isa = PBXGroup;
			children = (
				1BAA58762CEFE06C0049E4B3 /* MainScreenView.swift */,
			);
			path = Views;
			sourceTree = "<group>";
		};
		1BAA587A2CF12D7C0049E4B3 /* Register Screen */ = {
			isa = PBXGroup;
			children = (
				1BAA587B2CF12F8E0049E4B3 /* views */,
				1BAA587F2CF131A50049E4B3 /* RegisterViewController.swift */,
				1BAA58812CF1351A0049E4B3 /* RegisterFirebaseManager.swift */,
				1BAA58882CF142910049E4B3 /* RegisterProgressIndicatorManager.swift */,
				1BAA58932CF26C0A0049E4B3 /* PhotoManager.swift */,
			);
			path = "Register Screen";
			sourceTree = "<group>";
		};
		1BAA587B2CF12F8E0049E4B3 /* views */ = {
			isa = PBXGroup;
			children = (
				1BAA587C2CF12FAC0049E4B3 /* RegisterView.swift */,
			);
			path = views;
			sourceTree = "<group>";
		};
		1BAA58832CF140080049E4B3 /* Progress Indicator */ = {
			isa = PBXGroup;
			children = (
				1BAA58842CF1407A0049E4B3 /* ProgressSpinnerViewController.swift */,
				1BAA58862CF141BE0049E4B3 /* ProgressSpinnerDelegate.swift */,
			);
			path = "Progress Indicator";
			sourceTree = "<group>";
		};
		1BAA588A2CF22F100049E4B3 /* ProfileScreen */ = {
			isa = PBXGroup;
			children = (
				1BAA588D2CF230260049E4B3 /* EditProfileScreen */,
				1BAA588B2CF230120049E4B3 /* ProfileScreenView.swift */,
				1BAA588E2CF230B70049E4B3 /* ProfileScreenViewController.swift */,
			);
			path = ProfileScreen;
			sourceTree = "<group>";
		};
		1BAA588D2CF230260049E4B3 /* EditProfileScreen */ = {
			isa = PBXGroup;
			children = (
				1BAA58992CF2C0CD0049E4B3 /* EditProfileViewController.swift */,
				1BAA589B2CF2C0ED0049E4B3 /* EditProfileView.swift */,
				1BAA589D2CF558D00049E4B3 /* EditProfilePhotoManager.swift */,
			);
			path = EditProfileScreen;
			sourceTree = "<group>";
		};
		1BAA58902CF234520049E4B3 /* DataModels */ = {
			isa = PBXGroup;
			children = (
				1BAA58912CF234A20049E4B3 /* User.swift */,
				1BAA58C82D0653860049E4B3 /* BillItem.swift */,
			);
			path = DataModels;
			sourceTree = "<group>";
		};
		1BAA58C52D0652080049E4B3 /* BillList Screen */ = {
			isa = PBXGroup;
			children = (
				1BAA58C62D0652EF0049E4B3 /* BillListViewController.swift */,
				1BAA58CB2D0654990049E4B3 /* PostBillViewController.swift */,
				1BAA58CE2D0655F10049E4B3 /* BillDetailsViewController.swift */,
				1BAA58D02D0656B20049E4B3 /* UserDetailsViewController.swift */,
			);
			path = "BillList Screen";
			sourceTree = "<group>";
		};
/* End PBXGroup section */

/* Begin PBXNativeTarget section */
		1B88DCA12CEE9E3500848F4B /* iosfinal */ = {
			isa = PBXNativeTarget;
			buildConfigurationList = 1B88DCB62CEE9E3B00848F4B /* Build configuration list for PBXNativeTarget "iosfinal" */;
			buildPhases = (
				1B88DC9E2CEE9E3500848F4B /* Sources */,
				1B88DC9F2CEE9E3500848F4B /* Frameworks */,
				1B88DCA02CEE9E3500848F4B /* Resources */,
			);
			buildRules = (
			);
			dependencies = (
			);
			name = iosfinal;
			packageProductDependencies = (
				1B88DCBC2CEEA18800848F4B /* FirebaseAuth */,
				1B88DCBE2CEEA18800848F4B /* FirebaseFirestore */,
				1B88DCC02CEEA18800848F4B /* FirebaseFirestoreSwift */,
				1B88DCC22CEEA18800848F4B /* FirebaseStorage */,
			);
			productName = iosfinal;
			productReference = 1B88DCA22CEE9E3500848F4B /* iosfinal.app */;
			productType = "com.apple.product-type.application";
		};
/* End PBXNativeTarget section */

/* Begin PBXProject section */
		1B88DC9A2CEE9E3500848F4B /* Project object */ = {
			isa = PBXProject;
			attributes = {
				BuildIndependentTargetsInParallel = 1;
				LastSwiftUpdateCheck = 1420;
				LastUpgradeCheck = 1420;
				TargetAttributes = {
					1B88DCA12CEE9E3500848F4B = {
						CreatedOnToolsVersion = 14.2;
					};
				};
			};
			buildConfigurationList = 1B88DC9D2CEE9E3500848F4B /* Build configuration list for PBXProject "iosfinal" */;
			compatibilityVersion = "Xcode 14.0";
			developmentRegion = en;
			hasScannedForEncodings = 0;
			knownRegions = (
				en,
				Base,
			);
			mainGroup = 1B88DC992CEE9E3500848F4B;
			packageReferences = (
				1B88DCBB2CEEA18800848F4B /* XCRemoteSwiftPackageReference "firebase-ios-sdk" */,
			);
			productRefGroup = 1B88DCA32CEE9E3500848F4B /* Products */;
			projectDirPath = "";
			projectRoot = "";
			targets = (
				1B88DCA12CEE9E3500848F4B /* iosfinal */,
			);
		};
/* End PBXProject section */

/* Begin PBXResourcesBuildPhase section */
		1B88DCA02CEE9E3500848F4B /* Resources */ = {
			isa = PBXResourcesBuildPhase;
			buildActionMask = 2147483647;
			files = (
				1B88DCB22CEE9E3B00848F4B /* LaunchScreen.storyboard in Resources */,
				1BAA58982CF287410049E4B3 /* logo.png in Resources */,
				1B88DCBA2CEEA00D00848F4B /* GoogleService-Info.plist in Resources */,
				1B88DCAF2CEE9E3B00848F4B /* Assets.xcassets in Resources */,
				1B88DCAD2CEE9E3600848F4B /* Main.storyboard in Resources */,
			);
			runOnlyForDeploymentPostprocessing = 0;
		};
/* End PBXResourcesBuildPhase section */

/* Begin PBXSourcesBuildPhase section */
		1B88DC9E2CEE9E3500848F4B /* Sources */ = {
			isa = PBXSourcesBuildPhase;
			buildActionMask = 2147483647;
			files = (
				1BAA589C2CF2C0ED0049E4B3 /* EditProfileView.swift in Sources */,
				1B88DCC42CEEA23300848F4B /* AppDelegate.swift in Sources */,
				1BAA589E2CF558D00049E4B3 /* EditProfilePhotoManager.swift in Sources */,
				1BAA58C92D0653860049E4B3 /* BillItem.swift in Sources */,
				1BAA58822CF1351A0049E4B3 /* RegisterFirebaseManager.swift in Sources */,
				1BAA58852CF1407A0049E4B3 /* ProgressSpinnerViewController.swift in Sources */,
				1BAA58942CF26C0A0049E4B3 /* PhotoManager.swift in Sources */,
				1BAA58892CF142910049E4B3 /* RegisterProgressIndicatorManager.swift in Sources */,
				1BAA58792CF124600049E4B3 /* RightBarButtonManager.swift in Sources */,
				1BAA58802CF131A50049E4B3 /* RegisterViewController.swift in Sources */,
				1BAA58922CF234A20049E4B3 /* User.swift in Sources */,
				1BAA58872CF141BE0049E4B3 /* ProgressSpinnerDelegate.swift in Sources */,
				1B88DCAA2CEE9E3500848F4B /* ViewController.swift in Sources */,
				1BAA58D32D06583E0049E4B3 /* BillListViewController.swift in Sources */,
				1BAA589A2CF2C0CD0049E4B3 /* EditProfileViewController.swift in Sources */,
				1BAA58D12D0656B30049E4B3 /* UserDetailsViewController.swift in Sources */,
				1BAA588F2CF230B70049E4B3 /* ProfileScreenViewController.swift in Sources */,
				1BAA58CF2D0655F10049E4B3 /* BillDetailsViewController.swift in Sources */,
				1BAA587D2CF12FAC0049E4B3 /* RegisterView.swift in Sources */,
				1BAA58CC2D0654990049E4B3 /* PostBillViewController.swift in Sources */,
				1B88DCA82CEE9E3500848F4B /* SceneDelegate.swift in Sources */,
				1BAA588C2CF230120049E4B3 /* ProfileScreenView.swift in Sources */,
				1BAA58962CF27F3B0049E4B3 /* ImageViewUtils.swift in Sources */,
				1BAA58772CEFE06D0049E4B3 /* MainScreenView.swift in Sources */,
			);
			runOnlyForDeploymentPostprocessing = 0;
		};
/* End PBXSourcesBuildPhase section */

/* Begin PBXVariantGroup section */
		1B88DCAB2CEE9E3600848F4B /* Main.storyboard */ = {
			isa = PBXVariantGroup;
			children = (
				1B88DCAC2CEE9E3600848F4B /* Base */,
			);
			name = Main.storyboard;
			sourceTree = "<group>";
		};
		1B88DCB02CEE9E3B00848F4B /* LaunchScreen.storyboard */ = {
			isa = PBXVariantGroup;
			children = (
				1B88DCB12CEE9E3B00848F4B /* Base */,
			);
			name = LaunchScreen.storyboard;
			sourceTree = "<group>";
		};
/* End PBXVariantGroup section */

/* Begin XCBuildConfiguration section */
		1B88DCB42CEE9E3B00848F4B /* Debug */ = {
			isa = XCBuildConfiguration;
			buildSettings = {
				ALWAYS_SEARCH_USER_PATHS = NO;
				CLANG_ANALYZER_NONNULL = YES;
				CLANG_ANALYZER_NUMBER_OBJECT_CONVERSION = YES_AGGRESSIVE;
				CLANG_CXX_LANGUAGE_STANDARD = "gnu++20";
				CLANG_ENABLE_MODULES = YES;
				CLANG_ENABLE_OBJC_ARC = YES;
				CLANG_ENABLE_OBJC_WEAK = YES;
				CLANG_WARN_BLOCK_CAPTURE_AUTORELEASING = YES;
				CLANG_WARN_BOOL_CONVERSION = YES;
				CLANG_WARN_COMMA = YES;
				CLANG_WARN_CONSTANT_CONVERSION = YES;
				CLANG_WARN_DEPRECATED_OBJC_IMPLEMENTATIONS = YES;
				CLANG_WARN_DIRECT_OBJC_ISA_USAGE = YES_ERROR;
				CLANG_WARN_DOCUMENTATION_COMMENTS = YES;
				CLANG_WARN_EMPTY_BODY = YES;
				CLANG_WARN_ENUM_CONVERSION = YES;
				CLANG_WARN_INFINITE_RECURSION = YES;
				CLANG_WARN_INT_CONVERSION = YES;
				CLANG_WARN_NON_LITERAL_NULL_CONVERSION = YES;
				CLANG_WARN_OBJC_IMPLICIT_RETAIN_SELF = YES;
				CLANG_WARN_OBJC_LITERAL_CONVERSION = YES;
				CLANG_WARN_OBJC_ROOT_CLASS = YES_ERROR;
				CLANG_WARN_QUOTED_INCLUDE_IN_FRAMEWORK_HEADER = YES;
				CLANG_WARN_RANGE_LOOP_ANALYSIS = YES;
				CLANG_WARN_STRICT_PROTOTYPES = YES;
				CLANG_WARN_SUSPICIOUS_MOVE = YES;
				CLANG_WARN_UNGUARDED_AVAILABILITY = YES_AGGRESSIVE;
				CLANG_WARN_UNREACHABLE_CODE = YES;
				CLANG_WARN__DUPLICATE_METHOD_MATCH = YES;
				COPY_PHASE_STRIP = NO;
				DEBUG_INFORMATION_FORMAT = dwarf;
				ENABLE_STRICT_OBJC_MSGSEND = YES;
				ENABLE_TESTABILITY = YES;
				GCC_C_LANGUAGE_STANDARD = gnu11;
				GCC_DYNAMIC_NO_PIC = NO;
				GCC_NO_COMMON_BLOCKS = YES;
				GCC_OPTIMIZATION_LEVEL = 0;
				GCC_PREPROCESSOR_DEFINITIONS = (
					"DEBUG=1",
					"$(inherited)",
				);
				GCC_WARN_64_TO_32_BIT_CONVERSION = YES;
				GCC_WARN_ABOUT_RETURN_TYPE = YES_ERROR;
				GCC_WARN_UNDECLARED_SELECTOR = YES;
				GCC_WARN_UNINITIALIZED_AUTOS = YES_AGGRESSIVE;
				GCC_WARN_UNUSED_FUNCTION = YES;
				GCC_WARN_UNUSED_VARIABLE = YES;
				IPHONEOS_DEPLOYMENT_TARGET = 16.2;
				MTL_ENABLE_DEBUG_INFO = INCLUDE_SOURCE;
				MTL_FAST_MATH = YES;
				ONLY_ACTIVE_ARCH = YES;
				SDKROOT = iphoneos;
				SWIFT_ACTIVE_COMPILATION_CONDITIONS = DEBUG;
				SWIFT_OPTIMIZATION_LEVEL = "-Onone";
			};
			name = Debug;
		};
		1B88DCB52CEE9E3B00848F4B /* Release */ = {
			isa = XCBuildConfiguration;
			buildSettings = {
				ALWAYS_SEARCH_USER_PATHS = NO;
				CLANG_ANALYZER_NONNULL = YES;
				CLANG_ANALYZER_NUMBER_OBJECT_CONVERSION = YES_AGGRESSIVE;
				CLANG_CXX_LANGUAGE_STANDARD = "gnu++20";
				CLANG_ENABLE_MODULES = YES;
				CLANG_ENABLE_OBJC_ARC = YES;
				CLANG_ENABLE_OBJC_WEAK = YES;
				CLANG_WARN_BLOCK_CAPTURE_AUTORELEASING = YES;
				CLANG_WARN_BOOL_CONVERSION = YES;
				CLANG_WARN_COMMA = YES;
				CLANG_WARN_CONSTANT_CONVERSION = YES;
				CLANG_WARN_DEPRECATED_OBJC_IMPLEMENTATIONS = YES;
				CLANG_WARN_DIRECT_OBJC_ISA_USAGE = YES_ERROR;
				CLANG_WARN_DOCUMENTATION_COMMENTS = YES;
				CLANG_WARN_EMPTY_BODY = YES;
				CLANG_WARN_ENUM_CONVERSION = YES;
				CLANG_WARN_INFINITE_RECURSION = YES;
				CLANG_WARN_INT_CONVERSION = YES;
				CLANG_WARN_NON_LITERAL_NULL_CONVERSION = YES;
				CLANG_WARN_OBJC_IMPLICIT_RETAIN_SELF = YES;
				CLANG_WARN_OBJC_LITERAL_CONVERSION = YES;
				CLANG_WARN_OBJC_ROOT_CLASS = YES_ERROR;
				CLANG_WARN_QUOTED_INCLUDE_IN_FRAMEWORK_HEADER = YES;
				CLANG_WARN_RANGE_LOOP_ANALYSIS = YES;
				CLANG_WARN_STRICT_PROTOTYPES = YES;
				CLANG_WARN_SUSPICIOUS_MOVE = YES;
				CLANG_WARN_UNGUARDED_AVAILABILITY = YES_AGGRESSIVE;
				CLANG_WARN_UNREACHABLE_CODE = YES;
				CLANG_WARN__DUPLICATE_METHOD_MATCH = YES;
				COPY_PHASE_STRIP = NO;
				DEBUG_INFORMATION_FORMAT = "dwarf-with-dsym";
				ENABLE_NS_ASSERTIONS = NO;
				ENABLE_STRICT_OBJC_MSGSEND = YES;
				GCC_C_LANGUAGE_STANDARD = gnu11;
				GCC_NO_COMMON_BLOCKS = YES;
				GCC_WARN_64_TO_32_BIT_CONVERSION = YES;
				GCC_WARN_ABOUT_RETURN_TYPE = YES_ERROR;
				GCC_WARN_UNDECLARED_SELECTOR = YES;
				GCC_WARN_UNINITIALIZED_AUTOS = YES_AGGRESSIVE;
				GCC_WARN_UNUSED_FUNCTION = YES;
				GCC_WARN_UNUSED_VARIABLE = YES;
				IPHONEOS_DEPLOYMENT_TARGET = 16.2;
				MTL_ENABLE_DEBUG_INFO = NO;
				MTL_FAST_MATH = YES;
				SDKROOT = iphoneos;
				SWIFT_COMPILATION_MODE = wholemodule;
				SWIFT_OPTIMIZATION_LEVEL = "-O";
				VALIDATE_PRODUCT = YES;
			};
			name = Release;
		};
		1B88DCB72CEE9E3B00848F4B /* Debug */ = {
			isa = XCBuildConfiguration;
			buildSettings = {
				ASSETCATALOG_COMPILER_APPICON_NAME = AppIcon;
				ASSETCATALOG_COMPILER_GLOBAL_ACCENT_COLOR_NAME = AccentColor;
				CODE_SIGN_STYLE = Automatic;
				CURRENT_PROJECT_VERSION = 1;
				DEVELOPMENT_TEAM = CR89F728AF;
				GENERATE_INFOPLIST_FILE = YES;
				INFOPLIST_FILE = iosfinal/Info.plist;
				INFOPLIST_KEY_UIApplicationSupportsIndirectInputEvents = YES;
				INFOPLIST_KEY_UILaunchStoryboardName = LaunchScreen;
				INFOPLIST_KEY_UIMainStoryboardFile = Main;
				INFOPLIST_KEY_UISupportedInterfaceOrientations_iPad = "UIInterfaceOrientationPortrait UIInterfaceOrientationPortraitUpsideDown UIInterfaceOrientationLandscapeLeft UIInterfaceOrientationLandscapeRight";
				INFOPLIST_KEY_UISupportedInterfaceOrientations_iPhone = "UIInterfaceOrientationPortrait UIInterfaceOrientationLandscapeLeft UIInterfaceOrientationLandscapeRight";
				LD_RUNPATH_SEARCH_PATHS = (
					"$(inherited)",
					"@executable_path/Frameworks",
				);
				MARKETING_VERSION = 1.0;
				PRODUCT_BUNDLE_IDENTIFIER = com.example.iosfinal;
				PRODUCT_NAME = "$(TARGET_NAME)";
				SWIFT_EMIT_LOC_STRINGS = YES;
				SWIFT_VERSION = 5.0;
				TARGETED_DEVICE_FAMILY = "1,2";
			};
			name = Debug;
		};
		1B88DCB82CEE9E3B00848F4B /* Release */ = {
			isa = XCBuildConfiguration;
			buildSettings = {
				ASSETCATALOG_COMPILER_APPICON_NAME = AppIcon;
				ASSETCATALOG_COMPILER_GLOBAL_ACCENT_COLOR_NAME = AccentColor;
				CODE_SIGN_STYLE = Automatic;
				CURRENT_PROJECT_VERSION = 1;
				DEVELOPMENT_TEAM = CR89F728AF;
				GENERATE_INFOPLIST_FILE = YES;
				INFOPLIST_FILE = iosfinal/Info.plist;
				INFOPLIST_KEY_UIApplicationSupportsIndirectInputEvents = YES;
				INFOPLIST_KEY_UILaunchStoryboardName = LaunchScreen;
				INFOPLIST_KEY_UIMainStoryboardFile = Main;
				INFOPLIST_KEY_UISupportedInterfaceOrientations_iPad = "UIInterfaceOrientationPortrait UIInterfaceOrientationPortraitUpsideDown UIInterfaceOrientationLandscapeLeft UIInterfaceOrientationLandscapeRight";
				INFOPLIST_KEY_UISupportedInterfaceOrientations_iPhone = "UIInterfaceOrientationPortrait UIInterfaceOrientationLandscapeLeft UIInterfaceOrientationLandscapeRight";
				LD_RUNPATH_SEARCH_PATHS = (
					"$(inherited)",
					"@executable_path/Frameworks",
				);
				MARKETING_VERSION = 1.0;
				PRODUCT_BUNDLE_IDENTIFIER = com.example.iosfinal;
				PRODUCT_NAME = "$(TARGET_NAME)";
				SWIFT_EMIT_LOC_STRINGS = YES;
				SWIFT_VERSION = 5.0;
				TARGETED_DEVICE_FAMILY = "1,2";
			};
			name = Release;
		};
/* End XCBuildConfiguration section */

/* Begin XCConfigurationList section */
		1B88DC9D2CEE9E3500848F4B /* Build configuration list for PBXProject "iosfinal" */ = {
			isa = XCConfigurationList;
			buildConfigurations = (
				1B88DCB42CEE9E3B00848F4B /* Debug */,
				1B88DCB52CEE9E3B00848F4B /* Release */,
			);
			defaultConfigurationIsVisible = 0;
			defaultConfigurationName = Release;
		};
		1B88DCB62CEE9E3B00848F4B /* Build configuration list for PBXNativeTarget "iosfinal" */ = {
			isa = XCConfigurationList;
			buildConfigurations = (
				1B88DCB72CEE9E3B00848F4B /* Debug */,
				1B88DCB82CEE9E3B00848F4B /* Release */,
			);
			defaultConfigurationIsVisible = 0;
			defaultConfigurationName = Release;
		};
/* End XCConfigurationList section */

/* Begin XCRemoteSwiftPackageReference section */
		1B88DCBB2CEEA18800848F4B /* XCRemoteSwiftPackageReference "firebase-ios-sdk" */ = {
			isa = XCRemoteSwiftPackageReference;
			repositoryURL = "https://github.com/firebase/firebase-ios-sdk";
			requirement = {
				kind = upToNextMajorVersion;
				minimumVersion = 9.0.0;
			};
		};
/* End XCRemoteSwiftPackageReference section */

/* Begin XCSwiftPackageProductDependency section */
		1B88DCBC2CEEA18800848F4B /* FirebaseAuth */ = {
			isa = XCSwiftPackageProductDependency;
			package = 1B88DCBB2CEEA18800848F4B /* XCRemoteSwiftPackageReference "firebase-ios-sdk" */;
			productName = FirebaseAuth;
		};
		1B88DCBE2CEEA18800848F4B /* FirebaseFirestore */ = {
			isa = XCSwiftPackageProductDependency;
			package = 1B88DCBB2CEEA18800848F4B /* XCRemoteSwiftPackageReference "firebase-ios-sdk" */;
			productName = FirebaseFirestore;
		};
		1B88DCC02CEEA18800848F4B /* FirebaseFirestoreSwift */ = {
			isa = XCSwiftPackageProductDependency;
			package = 1B88DCBB2CEEA18800848F4B /* XCRemoteSwiftPackageReference "firebase-ios-sdk" */;
			productName = FirebaseFirestoreSwift;
		};
		1B88DCC22CEEA18800848F4B /* FirebaseStorage */ = {
			isa = XCSwiftPackageProductDependency;
			package = 1B88DCBB2CEEA18800848F4B /* XCRemoteSwiftPackageReference "firebase-ios-sdk" */;
			productName = FirebaseStorage;
		};
/* End XCSwiftPackageProductDependency section */
	};
	rootObject = 1B88DC9A2CEE9E3500848F4B /* Project object */;
}
